
Microsoft Visual Studio Solution File, Format Version 12.00
# Visual Studio 14
VisualStudioVersion = 14.0.25420.1
MinimumVisualStudioVersion = 10.0.40219.1
Project("{2150E333-8FDC-42A3-9474-1A3956D46DE8}") = ".paket", ".paket", "{B1168615-992F-4D97-B8F4-C789DAF430B1}"
	ProjectSection(SolutionItems) = preProject
		paket.dependencies = paket.dependencies
		paket.lock = paket.lock
	EndProjectSection
EndProject
Project("{F2A71F9B-5D33-465A-A702-920D77279786}") = "ProjectSystem.Core", "ProjectSystem.Core\ProjectSystem.Core.fsproj", "{008CD70D-4AF1-42A6-8BF8-202B78EEC6AA}"
EndProject
Project("{F2A71F9B-5D33-465A-A702-920D77279786}") = "ProjectSystem.VisualStudio", "ProjectSystem.VisualStudio\ProjectSystem.VisualStudio.fsproj", "{BB6D45C2-FF49-4EC4-A955-5EC86BE9D2EA}"
EndProject
Global
	GlobalSection(SolutionConfigurationPlatforms) = preSolution
		Debug|Any CPU = Debug|Any CPU
		Release|Any CPU = Release|Any CPU
	EndGlobalSection
	GlobalSection(ProjectConfigurationPlatforms) = postSolution
		{008CD70D-4AF1-42A6-8BF8-202B78EEC6AA}.Debug|Any CPU.ActiveCfg = Debug|Any CPU
		{008CD70D-4AF1-42A6-8BF8-202B78EEC6AA}.Debug|Any CPU.Build.0 = Debug|Any CPU
		{008CD70D-4AF1-42A6-8BF8-202B78EEC6AA}.Release|Any CPU.ActiveCfg = Release|Any CPU
		{008CD70D-4AF1-42A6-8BF8-202B78EEC6AA}.Release|Any CPU.Build.0 = Release|Any CPU
		{BB6D45C2-FF49-4EC4-A955-5EC86BE9D2EA}.Debug|Any CPU.ActiveCfg = Debug|Any CPU
		{BB6D45C2-FF49-4EC4-A955-5EC86BE9D2EA}.Debug|Any CPU.Build.0 = Debug|Any CPU
		{BB6D45C2-FF49-4EC4-A955-5EC86BE9D2EA}.Release|Any CPU.ActiveCfg = Release|Any CPU
		{BB6D45C2-FF49-4EC4-A955-5EC86BE9D2EA}.Release|Any CPU.Build.0 = Release|Any CPU
	EndGlobalSection
	GlobalSection(SolutionProperties) = preSolution
		HideSolutionNode = FALSE
	EndGlobalSection
EndGlobal
